// !$*UTF8*$!
{
	archiveVersion = 1;
	classes = {
	};
	objectVersion = 54;
	objects = {

/* Begin PBXBuildFile section */
		07DB555FC224C66E9B0175DE /* BookmarkStore.swift in Sources */ = {isa = PBXBuildFile; fileRef = A8F76D0BE2042CD326C39D44 /* BookmarkStore.swift */; };
		177DF25D856CA8FD2F6E3BBD /* main.swift in Sources */ = {isa = PBXBuildFile; fileRef = 44676E8E7DFAAE2768C94857 /* main.swift */; };
		554D81A000542FE33D963BA4 /* SQLite in Frameworks */ = {isa = PBXBuildFile; productRef = 57AB5EFBE359C1ED74A92171 /* SQLite */; };
		8CF665813F128EB554C7DC58 /* Theme.swift in Sources */ = {isa = PBXBuildFile; fileRef = 2F1C3391E9B19E6006EDA340 /* Theme.swift */; };
		AD283ED20DD9A46C269F1A45 /* Services.swift in Sources */ = {isa = PBXBuildFile; fileRef = 13FCA75EE8EF5C1B0F86E00F /* Services.swift */; };
		DB751B468309014A29387DF0 /* SidebarViewController.swift in Sources */ = {isa = PBXBuildFile; fileRef = 54542EF160B969A699A0C188 /* SidebarViewController.swift */; };
		E161E82FAC96485E5997D768 /* BookmarkRow.swift in Sources */ = {isa = PBXBuildFile; fileRef = 13E423D0030425FDCF7900F3 /* BookmarkRow.swift */; };
		F4AE9427E924A4789458089F /* AppDelegate.swift in Sources */ = {isa = PBXBuildFile; fileRef = F0FAF0EDEA61DB571C13FA3A /* AppDelegate.swift */; };
/* End PBXBuildFile section */

/* Begin PBXFileReference section */
		13E423D0030425FDCF7900F3 /* BookmarkRow.swift */ = {isa = PBXFileReference; lastKnownFileType = sourcecode.swift; path = BookmarkRow.swift; sourceTree = "<group>"; };
		13FCA75EE8EF5C1B0F86E00F /* Services.swift */ = {isa = PBXFileReference; lastKnownFileType = sourcecode.swift; path = Services.swift; sourceTree = "<group>"; };
		2F1C3391E9B19E6006EDA340 /* Theme.swift */ = {isa = PBXFileReference; lastKnownFileType = sourcecode.swift; path = Theme.swift; sourceTree = "<group>"; };
		44676E8E7DFAAE2768C94857 /* main.swift */ = {isa = PBXFileReference; lastKnownFileType = sourcecode.swift; path = main.swift; sourceTree = "<group>"; };
		54542EF160B969A699A0C188 /* SidebarViewController.swift */ = {isa = PBXFileReference; lastKnownFileType = sourcecode.swift; path = SidebarViewController.swift; sourceTree = "<group>"; };
		A8F76D0BE2042CD326C39D44 /* BookmarkStore.swift */ = {isa = PBXFileReference; lastKnownFileType = sourcecode.swift; path = BookmarkStore.swift; sourceTree = "<group>"; };
		AE51CFD68DCF082410A1429B /* Plank.app */ = {isa = PBXFileReference; explicitFileType = wrapper.application; includeInIndex = 0; path = Plank.app; sourceTree = BUILT_PRODUCTS_DIR; };
		F0FAF0EDEA61DB571C13FA3A /* AppDelegate.swift */ = {isa = PBXFileReference; lastKnownFileType = sourcecode.swift; path = AppDelegate.swift; sourceTree = "<group>"; };
/* End PBXFileReference section */

/* Begin PBXFrameworksBuildPhase section */
		0FDE54143EF5D0958EB3BA48 /* Frameworks */ = {
			isa = PBXFrameworksBuildPhase;
			buildActionMask = 2147483647;
			files = (
				554D81A000542FE33D963BA4 /* SQLite in Frameworks */,
			);
			runOnlyForDeploymentPostprocessing = 0;
		};
/* End PBXFrameworksBuildPhase section */

/* Begin PBXGroup section */
		5B5DF92E92212B128D99CDA4 /* Sources */ = {
			isa = PBXGroup;
			children = (
				F0FAF0EDEA61DB571C13FA3A /* AppDelegate.swift */,
				13E423D0030425FDCF7900F3 /* BookmarkRow.swift */,
				A8F76D0BE2042CD326C39D44 /* BookmarkStore.swift */,
				44676E8E7DFAAE2768C94857 /* main.swift */,
				13FCA75EE8EF5C1B0F86E00F /* Services.swift */,
				54542EF160B969A699A0C188 /* SidebarViewController.swift */,
				2F1C3391E9B19E6006EDA340 /* Theme.swift */,
			);
			path = Sources;
			sourceTree = "<group>";
		};
		AFB8E632E7C5B07BCD0B8B05 /* Products */ = {
			isa = PBXGroup;
			children = (
				AE51CFD68DCF082410A1429B /* Plank.app */,
			);
			name = Products;
			sourceTree = "<group>";
		};
		F3484B640259C98314CEC10C = {
			isa = PBXGroup;
			children = (
				5B5DF92E92212B128D99CDA4 /* Sources */,
				AFB8E632E7C5B07BCD0B8B05 /* Products */,
			);
			sourceTree = "<group>";
		};
/* End PBXGroup section */

/* Begin PBXNativeTarget section */
		1BA405F57FD374EF949FCFD7 /* Plank */ = {
			isa = PBXNativeTarget;
			buildConfigurationList = 2D12C68CFD516C3DFFEB15D3 /* Build configuration list for PBXNativeTarget "Plank" */;
			buildPhases = (
				06388BA91BD46DDE3ADB7DE3 /* Sources */,
				0FDE54143EF5D0958EB3BA48 /* Frameworks */,
			);
			buildRules = (
			);
			dependencies = (
			);
			name = Plank;
			packageProductDependencies = (
				57AB5EFBE359C1ED74A92171 /* SQLite */,
			);
			productName = Plank;
			productReference = AE51CFD68DCF082410A1429B /* Plank.app */;
			productType = "com.apple.product-type.application";
		};
/* End PBXNativeTarget section */

/* Begin PBXProject section */
		7B4FBFFCB76DC851B4EF1C6C /* Project object */ = {
			isa = PBXProject;
			attributes = {
				BuildIndependentTargetsInParallel = YES;
				LastUpgradeCheck = 1500;
				TargetAttributes = {
					1BA405F57FD374EF949FCFD7 = {
						ProvisioningStyle = Automatic;
					};
				};
			};
			buildConfigurationList = A830718B0340A47946B444B2 /* Build configuration list for PBXProject "Plank" */;
			compatibilityVersion = "Xcode 14.0";
			developmentRegion = en;
			hasScannedForEncodings = 0;
			knownRegions = (
				Base,
				en,
			);
			mainGroup = F3484B640259C98314CEC10C;
			packageReferences = (
				B5C9EC48D49285D8EEF9C18B /* XCRemoteSwiftPackageReference "SQLite.swift" */,
			);
			projectDirPath = "";
			projectRoot = "";
			targets = (
				1BA405F57FD374EF949FCFD7 /* Plank */,
			);
		};
/* End PBXProject section */

/* Begin PBXSourcesBuildPhase section */
		06388BA91BD46DDE3ADB7DE3 /* Sources */ = {
			isa = PBXSourcesBuildPhase;
			buildActionMask = 2147483647;
			files = (
				F4AE9427E924A4789458089F /* AppDelegate.swift in Sources */,
				E161E82FAC96485E5997D768 /* BookmarkRow.swift in Sources */,
				07DB555FC224C66E9B0175DE /* BookmarkStore.swift in Sources */,
				AD283ED20DD9A46C269F1A45 /* Services.swift in Sources */,
				DB751B468309014A29387DF0 /* SidebarViewController.swift in Sources */,
				8CF665813F128EB554C7DC58 /* Theme.swift in Sources */,
				177DF25D856CA8FD2F6E3BBD /* main.swift in Sources */,
			);
			runOnlyForDeploymentPostprocessing = 0;
		};
/* End PBXSourcesBuildPhase section */

/* Begin XCBuildConfiguration section */
		90DFAC31D5F1FE04EFC7709D /* Debug */ = {
			isa = XCBuildConfiguration;
			buildSettings = {
				ASSETCATALOG_COMPILER_APPICON_NAME = AppIcon;
				CODE_SIGN_ENTITLEMENTS = Resources/Plank.entitlements;
				COMBINE_HIDPI_IMAGES = YES;
				INFOPLIST_FILE = Resources/Info.plist;
				LD_RUNPATH_SEARCH_PATHS = "$(inherited) @executable_path/../Frameworks";
				PRODUCT_BUNDLE_IDENTIFIER = com.plank.app;
				SDKROOT = macosx;
			};
			name = Debug;
		};
		90E59AAA9C474954064FEC11 /* Release */ = {
			isa = XCBuildConfiguration;
			buildSettings = {
				ALWAYS_SEARCH_USER_PATHS = NO;
				CLANG_ANALYZER_NONNULL = YES;
				CLANG_ANALYZER_NUMBER_OBJECT_CONVERSION = YES_AGGRESSIVE;
				CLANG_CXX_LANGUAGE_STANDARD = "gnu++14";
				CLANG_CXX_LIBRARY = "libc++";
				CLANG_ENABLE_MODULES = YES;
				CLANG_ENABLE_OBJC_ARC = YES;
				CLANG_ENABLE_OBJC_WEAK = YES;
				CLANG_WARN_BLOCK_CAPTURE_AUTORELEASING = YES;
				CLANG_WARN_BOOL_CONVERSION = YES;
				CLANG_WARN_COMMA = YES;
				CLANG_WARN_CONSTANT_CONVERSION = YES;
				CLANG_WARN_DEPRECATED_OBJC_IMPLEMENTATIONS = YES;
				CLANG_WARN_DIRECT_OBJC_ISA_USAGE = YES_ERROR;
				CLANG_WARN_DOCUMENTATION_COMMENTS = YES;
				CLANG_WARN_EMPTY_BODY = YES;
				CLANG_WARN_ENUM_CONVERSION = YES;
				CLANG_WARN_INFINITE_RECURSION = YES;
				CLANG_WARN_INT_CONVERSION = YES;
				CLANG_WARN_NON_LITERAL_NULL_CONVERSION = YES;
				CLANG_WARN_OBJC_IMPLICIT_RETAIN_SELF = YES;
				CLANG_WARN_OBJC_LITERAL_CONVERSION = YES;
				CLANG_WARN_OBJC_ROOT_CLASS = YES_ERROR;
				CLANG_WARN_QUOTED_INCLUDE_IN_FRAMEWORK_HEADER = YES;
				CLANG_WARN_RANGE_LOOP_ANALYSIS = YES;
				CLANG_WARN_STRICT_PROTOTYPES = YES;
				CLANG_WARN_SUSPICIOUS_MOVE = YES;
				CLANG_WARN_UNGUARDED_AVAILABILITY = YES_AGGRESSIVE;
				CLANG_WARN_UNREACHABLE_CODE = YES;
				CLANG_WARN__DUPLICATE_METHOD_MATCH = YES;
				CODE_SIGN_IDENTITY = "-";
				CODE_SIGN_STYLE = Automatic;
				COPY_PHASE_STRIP = NO;
				DEBUG_INFORMATION_FORMAT = "dwarf-with-dsym";
				ENABLE_HARDENED_RUNTIME = YES;
				ENABLE_NS_ASSERTIONS = NO;
				ENABLE_STRICT_OBJC_MSGSEND = YES;
				GCC_C_LANGUAGE_STANDARD = gnu11;
				GCC_NO_COMMON_BLOCKS = YES;
				GCC_WARN_64_TO_32_BIT_CONVERSION = YES;
				GCC_WARN_ABOUT_RETURN_TYPE = YES_ERROR;
				GCC_WARN_UNDECLARED_SELECTOR = YES;
				GCC_WARN_UNINITIALIZED_AUTOS = YES_AGGRESSIVE;
				GCC_WARN_UNUSED_FUNCTION = YES;
				GCC_WARN_UNUSED_VARIABLE = YES;
				MACOSX_DEPLOYMENT_TARGET = 13.0;
				MTL_ENABLE_DEBUG_INFO = NO;
				MTL_FAST_MATH = YES;
				PRODUCT_NAME = "$(TARGET_NAME)";
				SDKROOT = macosx;
				SWIFT_COMPILATION_MODE = wholemodule;
				SWIFT_OPTIMIZATION_LEVEL = "-O";
				SWIFT_VERSION = 5.9;
			};
			name = Release;
		};
		B825D0AAF61EB95D4BB2DA39 /* Debug */ = {
			isa = XCBuildConfiguration;
			buildSettings = {
				ALWAYS_SEARCH_USER_PATHS = NO;
				CLANG_ANALYZER_NONNULL = YES;
				CLANG_ANALYZER_NUMBER_OBJECT_CONVERSION = YES_AGGRESSIVE;
				CLANG_CXX_LANGUAGE_STANDARD = "gnu++14";
				CLANG_CXX_LIBRARY = "libc++";
				CLANG_ENABLE_MODULES = YES;
				CLANG_ENABLE_OBJC_ARC = YES;
				CLANG_ENABLE_OBJC_WEAK = YES;
				CLANG_WARN_BLOCK_CAPTURE_AUTORELEASING = YES;
				CLANG_WARN_BOOL_CONVERSION = YES;
				CLANG_WARN_COMMA = YES;
				CLANG_WARN_CONSTANT_CONVERSION = YES;
				CLANG_WARN_DEPRECATED_OBJC_IMPLEMENTATIONS = YES;
				CLANG_WARN_DIRECT_OBJC_ISA_USAGE = YES_ERROR;
				CLANG_WARN_DOCUMENTATION_COMMENTS = YES;
				CLANG_WARN_EMPTY_BODY = YES;
				CLANG_WARN_ENUM_CONVERSION = YES;
				CLANG_WARN_INFINITE_RECURSION = YES;
				CLANG_WARN_INT_CONVERSION = YES;
				CLANG_WARN_NON_LITERAL_NULL_CONVERSION = YES;
				CLANG_WARN_OBJC_IMPLICIT_RETAIN_SELF = YES;
				CLANG_WARN_OBJC_LITERAL_CONVERSION = YES;
				CLANG_WARN_OBJC_ROOT_CLASS = YES_ERROR;
				CLANG_WARN_QUOTED_INCLUDE_IN_FRAMEWORK_HEADER = YES;
				CLANG_WARN_RANGE_LOOP_ANALYSIS = YES;
				CLANG_WARN_STRICT_PROTOTYPES = YES;
				CLANG_WARN_SUSPICIOUS_MOVE = YES;
				CLANG_WARN_UNGUARDED_AVAILABILITY = YES_AGGRESSIVE;
				CLANG_WARN_UNREACHABLE_CODE = YES;
				CLANG_WARN__DUPLICATE_METHOD_MATCH = YES;
				CODE_SIGN_IDENTITY = "-";
				CODE_SIGN_STYLE = Automatic;
				COPY_PHASE_STRIP = NO;
				DEBUG_INFORMATION_FORMAT = dwarf;
				ENABLE_HARDENED_RUNTIME = YES;
				ENABLE_STRICT_OBJC_MSGSEND = YES;
				ENABLE_TESTABILITY = YES;
				GCC_C_LANGUAGE_STANDARD = gnu11;
				GCC_DYNAMIC_NO_PIC = NO;
				GCC_NO_COMMON_BLOCKS = YES;
				GCC_OPTIMIZATION_LEVEL = 0;
				GCC_PREPROCESSOR_DEFINITIONS = (
					"$(inherited)",
					"DEBUG=1",
				);
				GCC_WARN_64_TO_32_BIT_CONVERSION = YES;
				GCC_WARN_ABOUT_RETURN_TYPE = YES_ERROR;
				GCC_WARN_UNDECLARED_SELECTOR = YES;
				GCC_WARN_UNINITIALIZED_AUTOS = YES_AGGRESSIVE;
				GCC_WARN_UNUSED_FUNCTION = YES;
				GCC_WARN_UNUSED_VARIABLE = YES;
				MACOSX_DEPLOYMENT_TARGET = 13.0;
				MTL_ENABLE_DEBUG_INFO = INCLUDE_SOURCE;
				MTL_FAST_MATH = YES;
				ONLY_ACTIVE_ARCH = YES;
				PRODUCT_NAME = "$(TARGET_NAME)";
				SDKROOT = macosx;
				SWIFT_ACTIVE_COMPILATION_CONDITIONS = DEBUG;
				SWIFT_OPTIMIZATION_LEVEL = "-Onone";
				SWIFT_VERSION = 5.9;
			};
			name = Debug;
		};
		B9F584964EB6ED34668D45D0 /* Release */ = {
			isa = XCBuildConfiguration;
			buildSettings = {
				ASSETCATALOG_COMPILER_APPICON_NAME = AppIcon;
				CODE_SIGN_ENTITLEMENTS = Resources/Plank.entitlements;
				COMBINE_HIDPI_IMAGES = YES;
				INFOPLIST_FILE = Resources/Info.plist;
				LD_RUNPATH_SEARCH_PATHS = "$(inherited) @executable_path/../Frameworks";
				PRODUCT_BUNDLE_IDENTIFIER = com.plank.app;
				SDKROOT = macosx;
			};
			name = Release;
		};
/* End XCBuildConfiguration section */

/* Begin XCConfigurationList section */
		2D12C68CFD516C3DFFEB15D3 /* Build configuration list for PBXNativeTarget "Plank" */ = {
			isa = XCConfigurationList;
			buildConfigurations = (
				90DFAC31D5F1FE04EFC7709D /* Debug */,
				B9F584964EB6ED34668D45D0 /* Release */,
			);
			defaultConfigurationIsVisible = 0;
			defaultConfigurationName = Debug;
		};
		A830718B0340A47946B444B2 /* Build configuration list for PBXProject "Plank" */ = {
			isa = XCConfigurationList;
			buildConfigurations = (
				B825D0AAF61EB95D4BB2DA39 /* Debug */,
				90E59AAA9C474954064FEC11 /* Release */,
			);
			defaultConfigurationIsVisible = 0;
			defaultConfigurationName = Debug;
		};
/* End XCConfigurationList section */

/* Begin XCRemoteSwiftPackageReference section */
		B5C9EC48D49285D8EEF9C18B /* XCRemoteSwiftPackageReference "SQLite.swift" */ = {
			isa = XCRemoteSwiftPackageReference;
			repositoryURL = "https://github.com/stephencelis/SQLite.swift";
			requirement = {
				kind = exactVersion;
				version = 0.15.3;
			};
		};
/* End XCRemoteSwiftPackageReference section */

/* Begin XCSwiftPackageProductDependency section */
		57AB5EFBE359C1ED74A92171 /* SQLite */ = {
			isa = XCSwiftPackageProductDependency;
			package = B5C9EC48D49285D8EEF9C18B /* XCRemoteSwiftPackageReference "SQLite.swift" */;
			productName = SQLite;
		};
/* End XCSwiftPackageProductDependency section */
	};
	rootObject = 7B4FBFFCB76DC851B4EF1C6C /* Project object */;
}
